# THIS IS AN AUTOGENERATED FILE. DO NOT EDIT THIS FILE DIRECTLY.
# yarn lockfile v1


"@esbuild/aix-ppc64@0.23.0":
  version "0.23.0"
  resolved "https://registry.npmjs.org/@esbuild/aix-ppc64/-/aix-ppc64-0.23.0.tgz"
  integrity sha512-3sG8Zwa5fMcA9bgqB8AfWPQ+HFke6uD3h1s3RIwUNK8EG7a4buxvuFTs3j1IMs2NXAk9F30C/FF4vxRgQCcmoQ==

"@esbuild/android-arm64@0.23.0":
  version "0.23.0"
  resolved "https://registry.npmjs.org/@esbuild/android-arm64/-/android-arm64-0.23.0.tgz"
  integrity sha512-EuHFUYkAVfU4qBdyivULuu03FhJO4IJN9PGuABGrFy4vUuzk91P2d+npxHcFdpUnfYKy0PuV+n6bKIpHOB3prQ==

"@esbuild/android-arm@0.23.0":
  version "0.23.0"
  resolved "https://registry.npmjs.org/@esbuild/android-arm/-/android-arm-0.23.0.tgz"
  integrity sha512-+KuOHTKKyIKgEEqKbGTK8W7mPp+hKinbMBeEnNzjJGyFcWsfrXjSTNluJHCY1RqhxFurdD8uNXQDei7qDlR6+g==

"@esbuild/android-x64@0.23.0":
  version "0.23.0"
  resolved "https://registry.npmjs.org/@esbuild/android-x64/-/android-x64-0.23.0.tgz"
  integrity sha512-WRrmKidLoKDl56LsbBMhzTTBxrsVwTKdNbKDalbEZr0tcsBgCLbEtoNthOW6PX942YiYq8HzEnb4yWQMLQuipQ==

"@esbuild/darwin-arm64@0.23.0":
  version "0.23.0"
  resolved "https://registry.npmjs.org/@esbuild/darwin-arm64/-/darwin-arm64-0.23.0.tgz"
  integrity sha512-YLntie/IdS31H54Ogdn+v50NuoWF5BDkEUFpiOChVa9UnKpftgwzZRrI4J132ETIi+D8n6xh9IviFV3eXdxfow==

"@esbuild/darwin-x64@0.23.0":
  version "0.23.0"
  resolved "https://registry.npmjs.org/@esbuild/darwin-x64/-/darwin-x64-0.23.0.tgz"
  integrity sha512-IMQ6eme4AfznElesHUPDZ+teuGwoRmVuuixu7sv92ZkdQcPbsNHzutd+rAfaBKo8YK3IrBEi9SLLKWJdEvJniQ==

"@esbuild/freebsd-arm64@0.23.0":
  version "0.23.0"
  resolved "https://registry.npmjs.org/@esbuild/freebsd-arm64/-/freebsd-arm64-0.23.0.tgz"
  integrity sha512-0muYWCng5vqaxobq6LB3YNtevDFSAZGlgtLoAc81PjUfiFz36n4KMpwhtAd4he8ToSI3TGyuhyx5xmiWNYZFyw==

"@esbuild/freebsd-x64@0.23.0":
  version "0.23.0"
  resolved "https://registry.npmjs.org/@esbuild/freebsd-x64/-/freebsd-x64-0.23.0.tgz"
  integrity sha512-XKDVu8IsD0/q3foBzsXGt/KjD/yTKBCIwOHE1XwiXmrRwrX6Hbnd5Eqn/WvDekddK21tfszBSrE/WMaZh+1buQ==

"@esbuild/linux-arm64@0.23.0":
  version "0.23.0"
  resolved "https://registry.npmjs.org/@esbuild/linux-arm64/-/linux-arm64-0.23.0.tgz"
  integrity sha512-j1t5iG8jE7BhonbsEg5d9qOYcVZv/Rv6tghaXM/Ug9xahM0nX/H2gfu6X6z11QRTMT6+aywOMA8TDkhPo8aCGw==

"@esbuild/linux-arm@0.23.0":
  version "0.23.0"
  resolved "https://registry.npmjs.org/@esbuild/linux-arm/-/linux-arm-0.23.0.tgz"
  integrity sha512-SEELSTEtOFu5LPykzA395Mc+54RMg1EUgXP+iw2SJ72+ooMwVsgfuwXo5Fn0wXNgWZsTVHwY2cg4Vi/bOD88qw==

"@esbuild/linux-ia32@0.23.0":
  version "0.23.0"
  resolved "https://registry.npmjs.org/@esbuild/linux-ia32/-/linux-ia32-0.23.0.tgz"
  integrity sha512-P7O5Tkh2NbgIm2R6x1zGJJsnacDzTFcRWZyTTMgFdVit6E98LTxO+v8LCCLWRvPrjdzXHx9FEOA8oAZPyApWUA==

"@esbuild/linux-loong64@0.23.0":
  version "0.23.0"
  resolved "https://registry.npmjs.org/@esbuild/linux-loong64/-/linux-loong64-0.23.0.tgz"
  integrity sha512-InQwepswq6urikQiIC/kkx412fqUZudBO4SYKu0N+tGhXRWUqAx+Q+341tFV6QdBifpjYgUndV1hhMq3WeJi7A==

"@esbuild/linux-mips64el@0.23.0":
  version "0.23.0"
  resolved "https://registry.npmjs.org/@esbuild/linux-mips64el/-/linux-mips64el-0.23.0.tgz"
  integrity sha512-J9rflLtqdYrxHv2FqXE2i1ELgNjT+JFURt/uDMoPQLcjWQA5wDKgQA4t/dTqGa88ZVECKaD0TctwsUfHbVoi4w==

"@esbuild/linux-ppc64@0.23.0":
  version "0.23.0"
  resolved "https://registry.npmjs.org/@esbuild/linux-ppc64/-/linux-ppc64-0.23.0.tgz"
  integrity sha512-cShCXtEOVc5GxU0fM+dsFD10qZ5UpcQ8AM22bYj0u/yaAykWnqXJDpd77ublcX6vdDsWLuweeuSNZk4yUxZwtw==

"@esbuild/linux-riscv64@0.23.0":
  version "0.23.0"
  resolved "https://registry.npmjs.org/@esbuild/linux-riscv64/-/linux-riscv64-0.23.0.tgz"
  integrity sha512-HEtaN7Y5UB4tZPeQmgz/UhzoEyYftbMXrBCUjINGjh3uil+rB/QzzpMshz3cNUxqXN7Vr93zzVtpIDL99t9aRw==

"@esbuild/linux-s390x@0.23.0":
  version "0.23.0"
  resolved "https://registry.npmjs.org/@esbuild/linux-s390x/-/linux-s390x-0.23.0.tgz"
  integrity sha512-WDi3+NVAuyjg/Wxi+o5KPqRbZY0QhI9TjrEEm+8dmpY9Xir8+HE/HNx2JoLckhKbFopW0RdO2D72w8trZOV+Wg==

"@esbuild/linux-x64@0.23.0":
  version "0.23.0"
  resolved "https://registry.npmjs.org/@esbuild/linux-x64/-/linux-x64-0.23.0.tgz"
  integrity sha512-a3pMQhUEJkITgAw6e0bWA+F+vFtCciMjW/LPtoj99MhVt+Mfb6bbL9hu2wmTZgNd994qTAEw+U/r6k3qHWWaOQ==

"@esbuild/netbsd-x64@0.23.0":
  version "0.23.0"
  resolved "https://registry.npmjs.org/@esbuild/netbsd-x64/-/netbsd-x64-0.23.0.tgz"
  integrity sha512-cRK+YDem7lFTs2Q5nEv/HHc4LnrfBCbH5+JHu6wm2eP+d8OZNoSMYgPZJq78vqQ9g+9+nMuIsAO7skzphRXHyw==

"@esbuild/openbsd-arm64@0.23.0":
  version "0.23.0"
  resolved "https://registry.npmjs.org/@esbuild/openbsd-arm64/-/openbsd-arm64-0.23.0.tgz"
  integrity sha512-suXjq53gERueVWu0OKxzWqk7NxiUWSUlrxoZK7usiF50C6ipColGR5qie2496iKGYNLhDZkPxBI3erbnYkU0rQ==

"@esbuild/openbsd-x64@0.23.0":
  version "0.23.0"
  resolved "https://registry.npmjs.org/@esbuild/openbsd-x64/-/openbsd-x64-0.23.0.tgz"
  integrity sha512-6p3nHpby0DM/v15IFKMjAaayFhqnXV52aEmv1whZHX56pdkK+MEaLoQWj+H42ssFarP1PcomVhbsR4pkz09qBg==

"@esbuild/sunos-x64@0.23.0":
  version "0.23.0"
  resolved "https://registry.npmjs.org/@esbuild/sunos-x64/-/sunos-x64-0.23.0.tgz"
  integrity sha512-BFelBGfrBwk6LVrmFzCq1u1dZbG4zy/Kp93w2+y83Q5UGYF1d8sCzeLI9NXjKyujjBBniQa8R8PzLFAUrSM9OA==

"@esbuild/win32-arm64@0.23.0":
  version "0.23.0"
  resolved "https://registry.npmjs.org/@esbuild/win32-arm64/-/win32-arm64-0.23.0.tgz"
  integrity sha512-lY6AC8p4Cnb7xYHuIxQ6iYPe6MfO2CC43XXKo9nBXDb35krYt7KGhQnOkRGar5psxYkircpCqfbNDB4uJbS2jQ==

"@esbuild/win32-ia32@0.23.0":
  version "0.23.0"
  resolved "https://registry.npmjs.org/@esbuild/win32-ia32/-/win32-ia32-0.23.0.tgz"
  integrity sha512-7L1bHlOTcO4ByvI7OXVI5pNN6HSu6pUQq9yodga8izeuB1KcT2UkHaH6118QJwopExPn0rMHIseCTx1CRo/uNA==

"@esbuild/win32-x64@0.23.0":
  version "0.23.0"
  resolved "https://registry.npmjs.org/@esbuild/win32-x64/-/win32-x64-0.23.0.tgz"
  integrity sha512-Arm+WgUFLUATuoxCJcahGuk6Yj9Pzxd6l11Zb/2aAuv5kWWvvfhLFo2fni4uSK5vzlUdCGZ/BdV5tH8klj8p8g==

"@hotwired/stimulus@^3.2.1":
  version "3.2.2"
  resolved "https://registry.npmjs.org/@hotwired/stimulus/-/stimulus-3.2.2.tgz"
  integrity sha512-eGeIqNOQpXoPAIP7tC1+1Yc1yl1xnwYqg+3mzqxyrbE5pg5YFBZcA6YoTiByJB6DKAEsiWtl6tjTJS4IYtbB7A==

"@hotwired/turbo-rails@^8.0.5":
  version "8.0.5"
  resolved "https://registry.yarnpkg.com/@hotwired/turbo-rails/-/turbo-rails-8.0.5.tgz#18c2f0e4f7f952307650308590edf5eb9544b0d3"
  integrity sha512-1A9G9u28IRAl0C57z8Ka3AhNPyJdwfOrbjr+ABZk2ZEUw2QO7cJ0pgs77asUj2E/tzn1PgrxrSVu24W+1Q5uBA==
  dependencies:
    "@hotwired/turbo" "^8.0.5"
    "@rails/actioncable" "^7.0"

"@hotwired/turbo@^8.0.5":
  version "8.0.5"
  resolved "https://registry.yarnpkg.com/@hotwired/turbo/-/turbo-8.0.5.tgz#abae6dad018a891e4286e87fa0959217e3866d5a"
  integrity sha512-TdZDA7fxVQ2ZycygvpnzjGPmFq4sO/E2QVg+2em/sJ3YTSsIWVEis8HmWlumz+c9DjWcUkcCuB+muF08TInpAQ==

"@rails/actioncable@^7.0":
  version "7.1.3"
  resolved "https://registry.yarnpkg.com/@rails/actioncable/-/actioncable-7.1.3.tgz#4db480347775aeecd4dde2405659eef74a458881"
  integrity sha512-ojNvnoZtPN0pYvVFtlO7dyEN9Oml1B6IDM+whGKVak69MMYW99lC2NOWXWeE3bmwEydbP/nn6ERcpfjHVjYQjA==

camelcase-css@^2.0.1:
  version "2.0.1"
  resolved "https://registry.npmjs.org/camelcase-css/-/camelcase-css-2.0.1.tgz"
  integrity sha512-QOSvevhslijgYwRx6Rv7zKdMF8lbRmx+uQGx2+vDc+KI/eBnsy9kit5aj23AgGu3pa4t9AgwbnXWqS+iOY+2aA==

css-selector-tokenizer@^0.8:
  version "0.8.0"
  resolved "https://registry.npmjs.org/css-selector-tokenizer/-/css-selector-tokenizer-0.8.0.tgz"
  integrity sha512-Jd6Ig3/pe62/qe5SBPTN8h8LeUg/pT4lLgtavPf7updwwHpvFzxvOQBHYj2LZDMjUnBzgvIUSjRcf6oT5HzHFg==
  dependencies:
    cssesc "^3.0.0"
    fastparse "^1.1.2"

cssesc@^3.0.0:
  version "3.0.0"
  resolved "https://registry.npmjs.org/cssesc/-/cssesc-3.0.0.tgz"
  integrity sha512-/Tb/JcjK111nNScGob5MNtsntNM1aCNUDipB/TkwZFhyDrrE47SOx/18wF2bbjgc3ZzCSKW1T5nt5EbFoAz/Vg==

culori@^3:
  version "3.3.0"
  resolved "https://registry.npmjs.org/culori/-/culori-3.3.0.tgz"
  integrity sha512-pHJg+jbuFsCjz9iclQBqyL3B2HLCBF71BwVNujUYEvCeQMvV97R59MNK3R2+jgJ3a1fcZgI9B3vYgz8lzr/BFQ==

daisyui@^4.0.0:
  version "4.12.10"
  resolved "https://registry.npmjs.org/daisyui/-/daisyui-4.12.10.tgz"
  integrity sha512-jp1RAuzbHhGdXmn957Z2XsTZStXGHzFfF0FgIOZj3Wv9sH7OZgLfXTRZNfKVYxltGUOBsG1kbWAdF5SrqjebvA==
  dependencies:
    css-selector-tokenizer "^0.8"
    culori "^3"
    picocolors "^1"
    postcss-js "^4"

esbuild@^0.23.0:
  version "0.23.0"
  resolved "https://registry.npmjs.org/esbuild/-/esbuild-0.23.0.tgz"
  integrity sha512-1lvV17H2bMYda/WaFb2jLPeHU3zml2k4/yagNMG8Q/YtfMjCwEUZa2eXXMgZTVSL5q1n4H7sQ0X6CdJDqqeCFA==
  optionalDependencies:
    "@esbuild/aix-ppc64" "0.23.0"
    "@esbuild/android-arm" "0.23.0"
    "@esbuild/android-arm64" "0.23.0"
    "@esbuild/android-x64" "0.23.0"
    "@esbuild/darwin-arm64" "0.23.0"
    "@esbuild/darwin-x64" "0.23.0"
    "@esbuild/freebsd-arm64" "0.23.0"
    "@esbuild/freebsd-x64" "0.23.0"
    "@esbuild/linux-arm" "0.23.0"
    "@esbuild/linux-arm64" "0.23.0"
    "@esbuild/linux-ia32" "0.23.0"
    "@esbuild/linux-loong64" "0.23.0"
    "@esbuild/linux-mips64el" "0.23.0"
    "@esbuild/linux-ppc64" "0.23.0"
    "@esbuild/linux-riscv64" "0.23.0"
    "@esbuild/linux-s390x" "0.23.0"
    "@esbuild/linux-x64" "0.23.0"
    "@esbuild/netbsd-x64" "0.23.0"
    "@esbuild/openbsd-arm64" "0.23.0"
    "@esbuild/openbsd-x64" "0.23.0"
    "@esbuild/sunos-x64" "0.23.0"
    "@esbuild/win32-arm64" "0.23.0"
    "@esbuild/win32-ia32" "0.23.0"
    "@esbuild/win32-x64" "0.23.0"

fastparse@^1.1.2:
  version "1.1.2"
  resolved "https://registry.npmjs.org/fastparse/-/fastparse-1.1.2.tgz"
  integrity sha512-483XLLxTVIwWK3QTrMGRqUfUpoOs/0hbQrl2oz4J0pAcm3A3bu84wxTFqGqkJzewCLdME38xJLJAxBABfQT8sQ==

picocolors@^1:
  version "1.0.0"
  resolved "https://registry.npmjs.org/picocolors/-/picocolors-1.0.0.tgz"
  integrity sha512-1fygroTLlHu66zi26VoTDv8yRgm0Fccecssto+MhsZ0D/DGW2sm8E8AjW7NU5VVTRt5GxbeZ5qBuJr+HyLYkjQ==

postcss-js@^4:
  version "4.0.1"
  resolved "https://registry.npmjs.org/postcss-js/-/postcss-js-4.0.1.tgz"
  integrity sha512-dDLF8pEO191hJMtlHFPRa8xsizHaM82MLfNkUHdUtVEV3tgTp5oj+8qbEqYM57SLfc74KSbw//4SeJma2LRVIw==
  dependencies:
    camelcase-css "^2.0.1"
