# THIS IS AN AUTOGENERATED FILE. DO NOT EDIT THIS FILE DIRECTLY.
# yarn lockfile v1


"@esbuild/aix-ppc64@0.21.4":
  version "0.21.4"
  resolved "https://registry.npmjs.org/@esbuild/aix-ppc64/-/aix-ppc64-0.21.4.tgz"
  integrity sha512-Zrm+B33R4LWPLjDEVnEqt2+SLTATlru1q/xYKVn8oVTbiRBGmK2VIMoIYGJDGyftnGaC788IuzGFAlb7IQ0Y8A==

"@esbuild/android-arm64@0.21.4":
  version "0.21.4"
  resolved "https://registry.npmjs.org/@esbuild/android-arm64/-/android-arm64-0.21.4.tgz"
  integrity sha512-fYFnz+ObClJ3dNiITySBUx+oNalYUT18/AryMxfovLkYWbutXsct3Wz2ZWAcGGppp+RVVX5FiXeLYGi97umisA==

"@esbuild/android-arm@0.21.4":
  version "0.21.4"
  resolved "https://registry.npmjs.org/@esbuild/android-arm/-/android-arm-0.21.4.tgz"
  integrity sha512-E7H/yTd8kGQfY4z9t3nRPk/hrhaCajfA3YSQSBrst8B+3uTcgsi8N+ZWYCaeIDsiVs6m65JPCaQN/DxBRclF3A==

"@esbuild/android-x64@0.21.4":
  version "0.21.4"
  resolved "https://registry.npmjs.org/@esbuild/android-x64/-/android-x64-0.21.4.tgz"
  integrity sha512-mDqmlge3hFbEPbCWxp4fM6hqq7aZfLEHZAKGP9viq9wMUBVQx202aDIfc3l+d2cKhUJM741VrCXEzRFhPDKH3Q==

"@esbuild/darwin-arm64@0.21.4":
  version "0.21.4"
  resolved "https://registry.npmjs.org/@esbuild/darwin-arm64/-/darwin-arm64-0.21.4.tgz"
  integrity sha512-72eaIrDZDSiWqpmCzVaBD58c8ea8cw/U0fq/PPOTqE3c53D0xVMRt2ooIABZ6/wj99Y+h4ksT/+I+srCDLU9TA==

"@esbuild/darwin-x64@0.21.4":
  version "0.21.4"
  resolved "https://registry.npmjs.org/@esbuild/darwin-x64/-/darwin-x64-0.21.4.tgz"
  integrity sha512-uBsuwRMehGmw1JC7Vecu/upOjTsMhgahmDkWhGLWxIgUn2x/Y4tIwUZngsmVb6XyPSTXJYS4YiASKPcm9Zitag==

"@esbuild/freebsd-arm64@0.21.4":
  version "0.21.4"
  resolved "https://registry.npmjs.org/@esbuild/freebsd-arm64/-/freebsd-arm64-0.21.4.tgz"
  integrity sha512-8JfuSC6YMSAEIZIWNL3GtdUT5NhUA/CMUCpZdDRolUXNAXEE/Vbpe6qlGLpfThtY5NwXq8Hi4nJy4YfPh+TwAg==

"@esbuild/freebsd-x64@0.21.4":
  version "0.21.4"
  resolved "https://registry.npmjs.org/@esbuild/freebsd-x64/-/freebsd-x64-0.21.4.tgz"
  integrity sha512-8d9y9eQhxv4ef7JmXny7591P/PYsDFc4+STaxC1GBv0tMyCdyWfXu2jBuqRsyhY8uL2HU8uPyscgE2KxCY9imQ==

"@esbuild/linux-arm64@0.21.4":
  version "0.21.4"
  resolved "https://registry.npmjs.org/@esbuild/linux-arm64/-/linux-arm64-0.21.4.tgz"
  integrity sha512-/GLD2orjNU50v9PcxNpYZi+y8dJ7e7/LhQukN3S4jNDXCKkyyiyAz9zDw3siZ7Eh1tRcnCHAo/WcqKMzmi4eMQ==

"@esbuild/linux-arm@0.21.4":
  version "0.21.4"
  resolved "https://registry.npmjs.org/@esbuild/linux-arm/-/linux-arm-0.21.4.tgz"
  integrity sha512-2rqFFefpYmpMs+FWjkzSgXg5vViocqpq5a1PSRgT0AvSgxoXmGF17qfGAzKedg6wAwyM7UltrKVo9kxaJLMF/g==

"@esbuild/linux-ia32@0.21.4":
  version "0.21.4"
  resolved "https://registry.npmjs.org/@esbuild/linux-ia32/-/linux-ia32-0.21.4.tgz"
  integrity sha512-pNftBl7m/tFG3t2m/tSjuYeWIffzwAZT9m08+9DPLizxVOsUl8DdFzn9HvJrTQwe3wvJnwTdl92AonY36w/25g==

"@esbuild/linux-loong64@0.21.4":
  version "0.21.4"
  resolved "https://registry.npmjs.org/@esbuild/linux-loong64/-/linux-loong64-0.21.4.tgz"
  integrity sha512-cSD2gzCK5LuVX+hszzXQzlWya6c7hilO71L9h4KHwqI4qeqZ57bAtkgcC2YioXjsbfAv4lPn3qe3b00Zt+jIfQ==

"@esbuild/linux-mips64el@0.21.4":
  version "0.21.4"
  resolved "https://registry.npmjs.org/@esbuild/linux-mips64el/-/linux-mips64el-0.21.4.tgz"
  integrity sha512-qtzAd3BJh7UdbiXCrg6npWLYU0YpufsV9XlufKhMhYMJGJCdfX/G6+PNd0+v877X1JG5VmjBLUiFB0o8EUSicA==

"@esbuild/linux-ppc64@0.21.4":
  version "0.21.4"
  resolved "https://registry.npmjs.org/@esbuild/linux-ppc64/-/linux-ppc64-0.21.4.tgz"
  integrity sha512-yB8AYzOTaL0D5+2a4xEy7OVvbcypvDR05MsB/VVPVA7nL4hc5w5Dyd/ddnayStDgJE59fAgNEOdLhBxjfx5+dg==

"@esbuild/linux-riscv64@0.21.4":
  version "0.21.4"
  resolved "https://registry.npmjs.org/@esbuild/linux-riscv64/-/linux-riscv64-0.21.4.tgz"
  integrity sha512-Y5AgOuVzPjQdgU59ramLoqSSiXddu7F3F+LI5hYy/d1UHN7K5oLzYBDZe23QmQJ9PIVUXwOdKJ/jZahPdxzm9w==

"@esbuild/linux-s390x@0.21.4":
  version "0.21.4"
  resolved "https://registry.npmjs.org/@esbuild/linux-s390x/-/linux-s390x-0.21.4.tgz"
  integrity sha512-Iqc/l/FFwtt8FoTK9riYv9zQNms7B8u+vAI/rxKuN10HgQIXaPzKZc479lZ0x6+vKVQbu55GdpYpeNWzjOhgbA==

"@esbuild/linux-x64@0.21.4":
  version "0.21.4"
  resolved "https://registry.npmjs.org/@esbuild/linux-x64/-/linux-x64-0.21.4.tgz"
  integrity sha512-Td9jv782UMAFsuLZINfUpoF5mZIbAj+jv1YVtE58rFtfvoKRiKSkRGQfHTgKamLVT/fO7203bHa3wU122V/Bdg==

"@esbuild/netbsd-x64@0.21.4":
  version "0.21.4"
  resolved "https://registry.npmjs.org/@esbuild/netbsd-x64/-/netbsd-x64-0.21.4.tgz"
  integrity sha512-Awn38oSXxsPMQxaV0Ipb7W/gxZtk5Tx3+W+rAPdZkyEhQ6968r9NvtkjhnhbEgWXYbgV+JEONJ6PcdBS+nlcpA==

"@esbuild/openbsd-x64@0.21.4":
  version "0.21.4"
  resolved "https://registry.npmjs.org/@esbuild/openbsd-x64/-/openbsd-x64-0.21.4.tgz"
  integrity sha512-IsUmQeCY0aU374R82fxIPu6vkOybWIMc3hVGZ3ChRwL9hA1TwY+tS0lgFWV5+F1+1ssuvvXt3HFqe8roCip8Hg==

"@esbuild/sunos-x64@0.21.4":
  version "0.21.4"
  resolved "https://registry.npmjs.org/@esbuild/sunos-x64/-/sunos-x64-0.21.4.tgz"
  integrity sha512-hsKhgZ4teLUaDA6FG/QIu2q0rI6I36tZVfM4DBZv3BG0mkMIdEnMbhc4xwLvLJSS22uWmaVkFkqWgIS0gPIm+A==

"@esbuild/win32-arm64@0.21.4":
  version "0.21.4"
  resolved "https://registry.npmjs.org/@esbuild/win32-arm64/-/win32-arm64-0.21.4.tgz"
  integrity sha512-UUfMgMoXPoA/bvGUNfUBFLCh0gt9dxZYIx9W4rfJr7+hKe5jxxHmfOK8YSH4qsHLLN4Ck8JZ+v7Q5fIm1huErg==

"@esbuild/win32-ia32@0.21.4":
  version "0.21.4"
  resolved "https://registry.npmjs.org/@esbuild/win32-ia32/-/win32-ia32-0.21.4.tgz"
  integrity sha512-yIxbspZb5kGCAHWm8dexALQ9en1IYDfErzjSEq1KzXFniHv019VT3mNtTK7t8qdy4TwT6QYHI9sEZabONHg+aw==

"@esbuild/win32-x64@0.21.4":
  version "0.21.4"
  resolved "https://registry.npmjs.org/@esbuild/win32-x64/-/win32-x64-0.21.4.tgz"
  integrity sha512-sywLRD3UK/qRJt0oBwdpYLBibk7KiRfbswmWRDabuncQYSlf8aLEEUor/oP6KRz8KEG+HoiVLBhPRD5JWjS8Sg==

"@hotwired/stimulus@^3.2.1":
  version "3.2.2"
  resolved "https://registry.npmjs.org/@hotwired/stimulus/-/stimulus-3.2.2.tgz"
  integrity sha512-eGeIqNOQpXoPAIP7tC1+1Yc1yl1xnwYqg+3mzqxyrbE5pg5YFBZcA6YoTiByJB6DKAEsiWtl6tjTJS4IYtbB7A==

"@hotwired/turbo-rails@^8.0.0":
  version "8.0.4"
  resolved "https://registry.npmjs.org/@hotwired/turbo-rails/-/turbo-rails-8.0.4.tgz"
  integrity sha512-GHCv5+B2VzYZZvMFpg/g9JLx/8pl/8chcubSB7T+Xn1zYOMqAKB6cT80vvWUzxdwfm/2KfaRysfDz+BmvtjFaw==
  dependencies:
    "@hotwired/turbo" "^8.0.4"
    "@rails/actioncable" "^7.0"

"@hotwired/turbo@^8.0.4":
  version "8.0.4"
  resolved "https://registry.npmjs.org/@hotwired/turbo/-/turbo-8.0.4.tgz"
  integrity sha512-mlZEFUZrJnpfj+g/XeCWWuokvQyN68WvM78JM+0jfSFc98wegm259vCbC1zSllcspRwbgXK31ibehCy5PA78/Q==

"@rails/actioncable@^7.0":
  version "7.0.6"
  resolved "https://registry.npmjs.org/@rails/actioncable/-/actioncable-7.0.6.tgz"
  integrity sha512-ybBsUrIsu5geM8BtqnpM7ZA9D8uzSz+e1B4JR57NaCmasHKWap6AX5DT7NHIbp21opVet1qqoVSdsoLDqXeB2A==

camelcase-css@^2.0.1:
  version "2.0.1"
  resolved "https://registry.yarnpkg.com/camelcase-css/-/camelcase-css-2.0.1.tgz#ee978f6947914cc30c6b44741b6ed1df7f043fd5"
  integrity sha512-QOSvevhslijgYwRx6Rv7zKdMF8lbRmx+uQGx2+vDc+KI/eBnsy9kit5aj23AgGu3pa4t9AgwbnXWqS+iOY+2aA==

css-selector-tokenizer@^0.8:
  version "0.8.0"
  resolved "https://registry.yarnpkg.com/css-selector-tokenizer/-/css-selector-tokenizer-0.8.0.tgz#88267ef6238e64f2215ea2764b3e2cf498b845dd"
  integrity sha512-Jd6Ig3/pe62/qe5SBPTN8h8LeUg/pT4lLgtavPf7updwwHpvFzxvOQBHYj2LZDMjUnBzgvIUSjRcf6oT5HzHFg==
  dependencies:
    cssesc "^3.0.0"
    fastparse "^1.1.2"

cssesc@^3.0.0:
  version "3.0.0"
  resolved "https://registry.yarnpkg.com/cssesc/-/cssesc-3.0.0.tgz#37741919903b868565e1c09ea747445cd18983ee"
  integrity sha512-/Tb/JcjK111nNScGob5MNtsntNM1aCNUDipB/TkwZFhyDrrE47SOx/18wF2bbjgc3ZzCSKW1T5nt5EbFoAz/Vg==

culori@^3:
  version "3.3.0"
  resolved "https://registry.yarnpkg.com/culori/-/culori-3.3.0.tgz#e33530adbd124d53bd6550394397e695eaaed739"
  integrity sha512-pHJg+jbuFsCjz9iclQBqyL3B2HLCBF71BwVNujUYEvCeQMvV97R59MNK3R2+jgJ3a1fcZgI9B3vYgz8lzr/BFQ==

daisyui@^4.12.6:
  version "4.12.6"
  resolved "https://registry.yarnpkg.com/daisyui/-/daisyui-4.12.6.tgz#0039d18dd4a558d11b6dbaf3a3a73066b93f14d3"
  integrity sha512-Tz/rvi2ws7+7uh51JgGpsRqnASwI13t6Sz53ePaGkhLzhr4SQI4wwNxSypE8lj/d4gl/+lbHK1phIKUo+d2YNw==
  dependencies:
    css-selector-tokenizer "^0.8"
    culori "^3"
    picocolors "^1"
    postcss-js "^4"

esbuild@^0.21.0:
  version "0.21.4"
  resolved "https://registry.npmjs.org/esbuild/-/esbuild-0.21.4.tgz"
  integrity sha512-sFMcNNrj+Q0ZDolrp5pDhH0nRPN9hLIM3fRPwgbLYJeSHHgnXSnbV3xYgSVuOeLWH9c73VwmEverVzupIv5xuA==
  optionalDependencies:
    "@esbuild/aix-ppc64" "0.21.4"
    "@esbuild/android-arm" "0.21.4"
    "@esbuild/android-arm64" "0.21.4"
    "@esbuild/android-x64" "0.21.4"
    "@esbuild/darwin-arm64" "0.21.4"
    "@esbuild/darwin-x64" "0.21.4"
    "@esbuild/freebsd-arm64" "0.21.4"
    "@esbuild/freebsd-x64" "0.21.4"
    "@esbuild/linux-arm" "0.21.4"
    "@esbuild/linux-arm64" "0.21.4"
    "@esbuild/linux-ia32" "0.21.4"
    "@esbuild/linux-loong64" "0.21.4"
    "@esbuild/linux-mips64el" "0.21.4"
    "@esbuild/linux-ppc64" "0.21.4"
    "@esbuild/linux-riscv64" "0.21.4"
    "@esbuild/linux-s390x" "0.21.4"
    "@esbuild/linux-x64" "0.21.4"
    "@esbuild/netbsd-x64" "0.21.4"
    "@esbuild/openbsd-x64" "0.21.4"
    "@esbuild/sunos-x64" "0.21.4"
    "@esbuild/win32-arm64" "0.21.4"
    "@esbuild/win32-ia32" "0.21.4"
    "@esbuild/win32-x64" "0.21.4"

fastparse@^1.1.2:
  version "1.1.2"
  resolved "https://registry.yarnpkg.com/fastparse/-/fastparse-1.1.2.tgz#91728c5a5942eced8531283c79441ee4122c35a9"
  integrity sha512-483XLLxTVIwWK3QTrMGRqUfUpoOs/0hbQrl2oz4J0pAcm3A3bu84wxTFqGqkJzewCLdME38xJLJAxBABfQT8sQ==

picocolors@^1:
  version "1.0.1"
  resolved "https://registry.yarnpkg.com/picocolors/-/picocolors-1.0.1.tgz#a8ad579b571952f0e5d25892de5445bcfe25aaa1"
  integrity sha512-anP1Z8qwhkbmu7MFP5iTt+wQKXgwzf7zTyGlcdzabySa9vd0Xt392U0rVmz9poOaBj0uHJKyyo9/upk0HrEQew==

postcss-js@^4:
  version "4.0.1"
  resolved "https://registry.yarnpkg.com/postcss-js/-/postcss-js-4.0.1.tgz#61598186f3703bab052f1c4f7d805f3991bee9d2"
  integrity sha512-dDLF8pEO191hJMtlHFPRa8xsizHaM82MLfNkUHdUtVEV3tgTp5oj+8qbEqYM57SLfc74KSbw//4SeJma2LRVIw==
  dependencies:
    camelcase-css "^2.0.1"
